PODS:
  - AFNetworking (1.3.3)
  - CocoaAsyncSocket (7.3.2)
  - CocoaHTTPServer (2.3):
    - CocoaAsyncSocket
    - CocoaLumberjack
  - CocoaLumberjack (1.6.4):
    - CocoaLumberjack/Core
    - CocoaLumberjack/Extensions
  - CocoaLumberjack/Core (1.6.4)
  - CocoaLumberjack/Extensions (1.6.4):
    - CocoaLumberjack/Core
  - EGOTableViewPullRefresh (0.1.0)
  - hpple (0.2.0)
  - KXKiOS7ColorsAndGradients (1.0.0)
  - LTHPasscodeViewController (1.2.1)
  - MBProgressHUD (0.8)
  - objective-zip (0.8.3)
  - OBShapedButton (1.0.2)
  - PAPasscode (0.3)
  - Reachability (3.1.1)
  - SocketRocket (0.3.1-beta2)
  - SSKeychain (1.2.1)

DEPENDENCIES:
  - AFNetworking (~> 1.3.3)
  - CocoaHTTPServer (~> 2.3)
  - EGOTableViewPullRefresh (~> 0.1.0)
  - hpple (~> 0.2.0)
  - KXKiOS7ColorsAndGradients (~> 1.0.0)
  - LTHPasscodeViewController (~> 1.2.1)
  - MBProgressHUD (~> 0.8)
  - objective-zip (~> 0.8.3)
  - OBShapedButton (~> 1.0.2)
  - PAPasscode (~> 0.3)
  - Reachability (~> 3.1.1)
  - SocketRocket (~> 0.3.1-beta2)
  - SSKeychain (~> 1.2.1)

SPEC CHECKSUMS:
  AFNetworking: 0700ec7a58c36ad217173e167f6e4df7270df66b
  CocoaAsyncSocket: 977404129ec8505fee1c3701956b769e3bb10ea7
  CocoaHTTPServer: 7c2fce6617f7fda0e3f4fc34f96e562caa7c7bd8
  CocoaLumberjack: 006187e7e3c52f505aab43d7b5ba6af35838bf23
  EGOTableViewPullRefresh: 6ba637ce6dd3186b503d2d91e6b3a08a26d650f5
  hpple: dde62f905f482bbec50186280d1a1be2c881241b
  KXKiOS7ColorsAndGradients: 27cb28a573213b4bc7e9c751956fd6b1b53215f5
  LTHPasscodeViewController: f1528991ad91f141a9b2cb48a5d0a2d225d084e4
  MBProgressHUD: 2bbc6f470111daf7f3eaa4eb12b8cbf01c4c0622
  objective-zip: 123a6e88ac89578a2e200885bb1b3561d6ffd05c
  OBShapedButton: d2b9783760660ac98a32f334a587dea459a63e0b
  PAPasscode: 15cd63335dff71c481794c0ada4deab904f16506
  Reachability: be4883bb93f31e38266ae3365e5600a317aae735
  SocketRocket: 7ac946bcce46287a791dfff3c1f8daa692821dae
  SSKeychain: d18926838c2e7cd342e2a49e9f869858e49f035a

COCOAPODS: 0.27.1
